{
  "lockfileVersion": 1,
  "configVersion": 1,
  "workspaces": {
    "": {
      "name": "backend",
      "dependencies": {
        "drizzle-orm": "^0.44.4",
        "hono": "^4.9.10",
      },
    },
  },
  "packages": {
    "drizzle-orm": ["drizzle-orm@0.44.7", "", {}, "sha512-quIpnYznjU9lHshEOAYLoZ9s3jweleHlZIAWR/jX9gAWNg/JhQ1wj0KGRf7/Zm+obRrYd9GjPVJg790QY9N5AQ=="],

    "hono": ["hono@4.11.3", "", {}, "sha512-PmQi306+M/ct/m5s66Hrg+adPnkD5jiO6IjA7WhWw0gSBSo1EcRegwuI1deZ+wd5pzCGynCcn2DprnE4/yEV4w=="],
  }
}
